
Microsoft Visual Studio Solution File, Format Version 12.00
# Visual Studio Version 17
VisualStudioVersion = 17.9.34902.65
MinimumVisualStudioVersion = 10.0.40219.1
Project("{9A19103F-16F7-4668-BE54-9A1E7A4F7556}") = "CookbookAPI", "CookbookAPI.csproj", "{CDF6D8EC-93AD-492F-82FA-76E5595E4EF8}"
	ProjectSection(ProjectDependencies) = postProject
		{0B9A62BD-EEFD-4B3C-9970-39E28F0EB65C} = {0B9A62BD-EEFD-4B3C-9970-39E28F0EB65C}
		{6005D111-9F4E-4762-B96F-58E525A061F7} = {6005D111-9F4E-4762-B96F-58E525A061F7}
		{D25045A6-695D-43F1-B04E-88362D694ABD} = {D25045A6-695D-43F1-B04E-88362D694ABD}
		{D63F5425-07B2-4F5D-BC87-083956C064D0} = {D63F5425-07B2-4F5D-BC87-083956C064D0}
	EndProjectSection
EndProject
Project("{2150E333-8FDC-42A3-9474-1A3956D46DE8}") = "1-API", "1-API", "{85BFB502-18BB-4016-94A7-C4BF49347EC7}"
EndProject
Project("{2150E333-8FDC-42A3-9474-1A3956D46DE8}") = "2-Services", "2-Services", "{79F67EB2-2143-4F2C-ABBB-4A9FE24E0FFC}"
EndProject
Project("{2150E333-8FDC-42A3-9474-1A3956D46DE8}") = "3-Domain", "3-Domain", "{E1B3CE24-E74D-4C78-A65C-15AB5288F8AB}"
EndProject
Project("{2150E333-8FDC-42A3-9474-1A3956D46DE8}") = "4-Repositories", "4-Repositories", "{EE55D5C2-928A-4373-B70B-938CE0BA4B9B}"
EndProject
Project("{2150E333-8FDC-42A3-9474-1A3956D46DE8}") = "5-Data", "5-Data", "{F3EF2174-3D4A-44D6-84A5-83C0A59F3A53}"
EndProject
Project("{9A19103F-16F7-4668-BE54-9A1E7A4F7556}") = "CookbookAPI.Services", "..\CookbookAPI.Services\CookbookAPI.Services.csproj", "{D63F5425-07B2-4F5D-BC87-083956C064D0}"
	ProjectSection(ProjectDependencies) = postProject
		{0B9A62BD-EEFD-4B3C-9970-39E28F0EB65C} = {0B9A62BD-EEFD-4B3C-9970-39E28F0EB65C}
		{6005D111-9F4E-4762-B96F-58E525A061F7} = {6005D111-9F4E-4762-B96F-58E525A061F7}
		{D25045A6-695D-43F1-B04E-88362D694ABD} = {D25045A6-695D-43F1-B04E-88362D694ABD}
	EndProjectSection
EndProject
Project("{9A19103F-16F7-4668-BE54-9A1E7A4F7556}") = "CookbookAPI.Domain", "..\CookbookAPI.Domain\CookbookAPI.Domain.csproj", "{D25045A6-695D-43F1-B04E-88362D694ABD}"
EndProject
Project("{9A19103F-16F7-4668-BE54-9A1E7A4F7556}") = "CookbookAPI.Repositories", "..\CookbookAPI.Repositories\CookbookAPI.Repositories.csproj", "{0B9A62BD-EEFD-4B3C-9970-39E28F0EB65C}"
EndProject
Project("{9A19103F-16F7-4668-BE54-9A1E7A4F7556}") = "CookbookAPI.Data", "..\CookbookAPI.Data\CookbookAPI.Data.csproj", "{6005D111-9F4E-4762-B96F-58E525A061F7}"
EndProject
Project("{2150E333-8FDC-42A3-9474-1A3956D46DE8}") = "6-Tests", "6-Tests", "{F59504F7-8E13-41C7-8F8E-652A492E59E9}"
EndProject
Project("{9A19103F-16F7-4668-BE54-9A1E7A4F7556}") = "CookbookAPI.Tests", "..\CookbookAPI.Tests\CookbookAPI.Tests.csproj", "{9C2060B7-E92F-4A63-8374-A1D7DCDD82D7}"
EndProject
Global
	GlobalSection(SolutionConfigurationPlatforms) = preSolution
		Debug|Any CPU = Debug|Any CPU
		Release|Any CPU = Release|Any CPU
	EndGlobalSection
	GlobalSection(ProjectConfigurationPlatforms) = postSolution
		{CDF6D8EC-93AD-492F-82FA-76E5595E4EF8}.Debug|Any CPU.ActiveCfg = Debug|Any CPU
		{CDF6D8EC-93AD-492F-82FA-76E5595E4EF8}.Debug|Any CPU.Build.0 = Debug|Any CPU
		{CDF6D8EC-93AD-492F-82FA-76E5595E4EF8}.Release|Any CPU.ActiveCfg = Release|Any CPU
		{CDF6D8EC-93AD-492F-82FA-76E5595E4EF8}.Release|Any CPU.Build.0 = Release|Any CPU
		{D63F5425-07B2-4F5D-BC87-083956C064D0}.Debug|Any CPU.ActiveCfg = Debug|Any CPU
		{D63F5425-07B2-4F5D-BC87-083956C064D0}.Debug|Any CPU.Build.0 = Debug|Any CPU
		{D63F5425-07B2-4F5D-BC87-083956C064D0}.Release|Any CPU.ActiveCfg = Release|Any CPU
		{D63F5425-07B2-4F5D-BC87-083956C064D0}.Release|Any CPU.Build.0 = Release|Any CPU
		{D25045A6-695D-43F1-B04E-88362D694ABD}.Debug|Any CPU.ActiveCfg = Debug|Any CPU
		{D25045A6-695D-43F1-B04E-88362D694ABD}.Debug|Any CPU.Build.0 = Debug|Any CPU
		{D25045A6-695D-43F1-B04E-88362D694ABD}.Release|Any CPU.ActiveCfg = Release|Any CPU
		{D25045A6-695D-43F1-B04E-88362D694ABD}.Release|Any CPU.Build.0 = Release|Any CPU
		{0B9A62BD-EEFD-4B3C-9970-39E28F0EB65C}.Debug|Any CPU.ActiveCfg = Debug|Any CPU
		{0B9A62BD-EEFD-4B3C-9970-39E28F0EB65C}.Debug|Any CPU.Build.0 = Debug|Any CPU
		{0B9A62BD-EEFD-4B3C-9970-39E28F0EB65C}.Release|Any CPU.ActiveCfg = Release|Any CPU
		{0B9A62BD-EEFD-4B3C-9970-39E28F0EB65C}.Release|Any CPU.Build.0 = Release|Any CPU
		{6005D111-9F4E-4762-B96F-58E525A061F7}.Debug|Any CPU.ActiveCfg = Debug|Any CPU
		{6005D111-9F4E-4762-B96F-58E525A061F7}.Debug|Any CPU.Build.0 = Debug|Any CPU
		{6005D111-9F4E-4762-B96F-58E525A061F7}.Release|Any CPU.ActiveCfg = Release|Any CPU
		{6005D111-9F4E-4762-B96F-58E525A061F7}.Release|Any CPU.Build.0 = Release|Any CPU
		{9C2060B7-E92F-4A63-8374-A1D7DCDD82D7}.Debug|Any CPU.ActiveCfg = Debug|Any CPU
		{9C2060B7-E92F-4A63-8374-A1D7DCDD82D7}.Debug|Any CPU.Build.0 = Debug|Any CPU
		{9C2060B7-E92F-4A63-8374-A1D7DCDD82D7}.Release|Any CPU.ActiveCfg = Release|Any CPU
		{9C2060B7-E92F-4A63-8374-A1D7DCDD82D7}.Release|Any CPU.Build.0 = Release|Any CPU
	EndGlobalSection
	GlobalSection(SolutionProperties) = preSolution
		HideSolutionNode = FALSE
	EndGlobalSection
	GlobalSection(NestedProjects) = preSolution
		{CDF6D8EC-93AD-492F-82FA-76E5595E4EF8} = {85BFB502-18BB-4016-94A7-C4BF49347EC7}
		{D63F5425-07B2-4F5D-BC87-083956C064D0} = {79F67EB2-2143-4F2C-ABBB-4A9FE24E0FFC}
		{D25045A6-695D-43F1-B04E-88362D694ABD} = {E1B3CE24-E74D-4C78-A65C-15AB5288F8AB}
		{0B9A62BD-EEFD-4B3C-9970-39E28F0EB65C} = {EE55D5C2-928A-4373-B70B-938CE0BA4B9B}
		{6005D111-9F4E-4762-B96F-58E525A061F7} = {F3EF2174-3D4A-44D6-84A5-83C0A59F3A53}
		{9C2060B7-E92F-4A63-8374-A1D7DCDD82D7} = {F59504F7-8E13-41C7-8F8E-652A492E59E9}
	EndGlobalSection
	GlobalSection(ExtensibilityGlobals) = postSolution
		SolutionGuid = {94F97715-CCB4-4A39-A4DE-EFD9CDEFBACA}
	EndGlobalSection
EndGlobal
